
Microsoft Visual Studio Solution File, Format Version 12.00
# Visual Studio Version 17
VisualStudioVersion = 17.2.32616.157
MinimumVisualStudioVersion = 10.0.40219.1
Project("{FAE04EC0-301F-11D3-BF4B-00C04F79EFBC}") = "OfficeTools", "OfficeTools\OfficeTools.csproj", "{B91E232F-B98A-4C8E-93C8-027A6278D545}"
EndProject
Project("{54435603-DBB4-11D2-8724-00A0C9A8B90C}") = "下班提醒", "下班提醒\下班提醒.vdproj", "{1F8621BD-ADBA-4354-B98C-5A461F9398C2}"
EndProject
Global
	GlobalSection(SolutionConfigurationPlatforms) = preSolution
		Debug|Any CPU = Debug|Any CPU
		Release|Any CPU = Release|Any CPU
	EndGlobalSection
	GlobalSection(ProjectConfigurationPlatforms) = postSolution
		{B91E232F-B98A-4C8E-93C8-027A6278D545}.Debug|Any CPU.ActiveCfg = Debug|Any CPU
		{B91E232F-B98A-4C8E-93C8-027A6278D545}.Debug|Any CPU.Build.0 = Debug|Any CPU
		{B91E232F-B98A-4C8E-93C8-027A6278D545}.Release|Any CPU.ActiveCfg = Release|Any CPU
		{B91E232F-B98A-4C8E-93C8-027A6278D545}.Release|Any CPU.Build.0 = Release|Any CPU
		{1F8621BD-ADBA-4354-B98C-5A461F9398C2}.Debug|Any CPU.ActiveCfg = Debug
		{1F8621BD-ADBA-4354-B98C-5A461F9398C2}.Release|Any CPU.ActiveCfg = Release
	EndGlobalSection
	GlobalSection(SolutionProperties) = preSolution
		HideSolutionNode = FALSE
	EndGlobalSection
	GlobalSection(ExtensibilityGlobals) = postSolution
		SolutionGuid = {9212B760-5308-4E15-88DF-B33037951685}
	EndGlobalSection
EndGlobal
